
Microsoft Visual Studio Solution File, Format Version 12.00
# Visual Studio Version 17
VisualStudioVersion = 17.10.34928.147
MinimumVisualStudioVersion = 10.0.40219.1
Project("{9A19103F-16F7-4668-BE54-9A1E7A4F7556}") = "fnPostDataStorage", "fnPostDataStorage.csproj", "{583689EA-DBE4-4574-AD9C-DB0B5FA01541}"
EndProject
Project("{9A19103F-16F7-4668-BE54-9A1E7A4F7556}") = "fnPostDatabase", "..\fnPostDatabase\fnPostDatabase.csproj", "{ADDDC3A5-79FE-4243-B2A4-18B9FCE916AE}"
EndProject
Project("{9A19103F-16F7-4668-BE54-9A1E7A4F7556}") = "fnGetDetailMovie", "..\fnGetDetailMovie\fnGetDetailMovie.csproj", "{594F6CEE-2A48-48C9-A8BF-9FE8C46BE354}"
EndProject
Project("{FAE04EC0-301F-11D3-BF4B-00C04F79EFBC}") = "fnGetAllMovies", "..\fnGetAllMovies\fnGetAllMovies.csproj", "{2C591FF3-7116-48DD-9048-9EEE52165FA7}"
EndProject
Global
	GlobalSection(SolutionConfigurationPlatforms) = preSolution
		Debug|Any CPU = Debug|Any CPU
		Release|Any CPU = Release|Any CPU
	EndGlobalSection
	GlobalSection(ProjectConfigurationPlatforms) = postSolution
		{583689EA-DBE4-4574-AD9C-DB0B5FA01541}.Debug|Any CPU.ActiveCfg = Debug|Any CPU
		{583689EA-DBE4-4574-AD9C-DB0B5FA01541}.Debug|Any CPU.Build.0 = Debug|Any CPU
		{583689EA-DBE4-4574-AD9C-DB0B5FA01541}.Release|Any CPU.ActiveCfg = Release|Any CPU
		{583689EA-DBE4-4574-AD9C-DB0B5FA01541}.Release|Any CPU.Build.0 = Release|Any CPU
		{ADDDC3A5-79FE-4243-B2A4-18B9FCE916AE}.Debug|Any CPU.ActiveCfg = Debug|Any CPU
		{ADDDC3A5-79FE-4243-B2A4-18B9FCE916AE}.Debug|Any CPU.Build.0 = Debug|Any CPU
		{ADDDC3A5-79FE-4243-B2A4-18B9FCE916AE}.Release|Any CPU.ActiveCfg = Release|Any CPU
		{ADDDC3A5-79FE-4243-B2A4-18B9FCE916AE}.Release|Any CPU.Build.0 = Release|Any CPU
		{594F6CEE-2A48-48C9-A8BF-9FE8C46BE354}.Debug|Any CPU.ActiveCfg = Debug|Any CPU
		{594F6CEE-2A48-48C9-A8BF-9FE8C46BE354}.Debug|Any CPU.Build.0 = Debug|Any CPU
		{594F6CEE-2A48-48C9-A8BF-9FE8C46BE354}.Release|Any CPU.ActiveCfg = Release|Any CPU
		{594F6CEE-2A48-48C9-A8BF-9FE8C46BE354}.Release|Any CPU.Build.0 = Release|Any CPU
		{2C591FF3-7116-48DD-9048-9EEE52165FA7}.Debug|Any CPU.ActiveCfg = Debug|Any CPU
		{2C591FF3-7116-48DD-9048-9EEE52165FA7}.Debug|Any CPU.Build.0 = Debug|Any CPU
		{2C591FF3-7116-48DD-9048-9EEE52165FA7}.Release|Any CPU.ActiveCfg = Release|Any CPU
		{2C591FF3-7116-48DD-9048-9EEE52165FA7}.Release|Any CPU.Build.0 = Release|Any CPU
	EndGlobalSection
	GlobalSection(SolutionProperties) = preSolution
		HideSolutionNode = FALSE
	EndGlobalSection
	GlobalSection(ExtensibilityGlobals) = postSolution
		SolutionGuid = {339A6F9C-413E-42D3-BE6C-6F6EC0E6A11E}
	EndGlobalSection
EndGlobal
